
Microsoft Visual Studio Solution File, Format Version 12.00
# Visual Studio Version 17
VisualStudioVersion = 17.8.34525.116
MinimumVisualStudioVersion = 10.0.40219.1
Project("{FAE04EC0-301F-11D3-BF4B-00C04F79EFBC}") = "custom_portal", "custom_portal\custom_portal.csproj", "{F38444D6-0B34-4425-86C8-9DF276709D2E}"
EndProject
Global
	GlobalSection(SolutionConfigurationPlatforms) = preSolution
		Debug|Any CPU = Debug|Any CPU
		Release|Any CPU = Release|Any CPU
	EndGlobalSection
	GlobalSection(ProjectConfigurationPlatforms) = postSolution
		{F38444D6-0B34-4425-86C8-9DF276709D2E}.Debug|Any CPU.ActiveCfg = Debug|Any CPU
		{F38444D6-0B34-4425-86C8-9DF276709D2E}.Debug|Any CPU.Build.0 = Debug|Any CPU
		{F38444D6-0B34-4425-86C8-9DF276709D2E}.Release|Any CPU.ActiveCfg = Release|Any CPU
		{F38444D6-0B34-4425-86C8-9DF276709D2E}.Release|Any CPU.Build.0 = Release|Any CPU
	EndGlobalSection
	GlobalSection(SolutionProperties) = preSolution
		HideSolutionNode = FALSE
	EndGlobalSection
	GlobalSection(ExtensibilityGlobals) = postSolution
		SolutionGuid = {FDFFAA0B-6761-4932-A6C2-1EB576B6BD28}
	EndGlobalSection
EndGlobal
